// !$*UTF8*$!
{
	archiveVersion = 1;
	classes = {
	};
	objectVersion = 46;
	objects = {

/* Begin PBXBuildFile section */
		65064AAB1D976441000A3BC1 /* User.m in Sources */ = {isa = PBXBuildFile; fileRef = 65064AAA1D976441000A3BC1 /* User.m */; };
		65132F501D9CD0400051532A /* ReferenceAnnotationPointView.m in Sources */ = {isa = PBXBuildFile; fileRef = 65132F4F1D9CD0400051532A /* ReferenceAnnotationPointView.m */; };
		65132F531D9CDADF0051532A /* ReferencePointAnnotation.m in Sources */ = {isa = PBXBuildFile; fileRef = 65132F521D9CDADF0051532A /* ReferencePointAnnotation.m */; };
		65132F561D9CE25F0051532A /* CalloutDeleteButton.m in Sources */ = {isa = PBXBuildFile; fileRef = 65132F551D9CE25F0051532A /* CalloutDeleteButton.m */; };
		65404A121D926A1D0033E2DF /* main.m in Sources */ = {isa = PBXBuildFile; fileRef = 65404A111D926A1D0033E2DF /* main.m */; };
		65404A151D926A1D0033E2DF /* AppDelegate.m in Sources */ = {isa = PBXBuildFile; fileRef = 65404A141D926A1D0033E2DF /* AppDelegate.m */; };
		65404A181D926A1D0033E2DF /* LoginViewController.m in Sources */ = {isa = PBXBuildFile; fileRef = 65404A171D926A1D0033E2DF /* LoginViewController.m */; };
		65404A1B1D926A1D0033E2DF /* Main.storyboard in Resources */ = {isa = PBXBuildFile; fileRef = 65404A191D926A1D0033E2DF /* Main.storyboard */; };
		65404A1D1D926A1D0033E2DF /* Assets.xcassets in Resources */ = {isa = PBXBuildFile; fileRef = 65404A1C1D926A1D0033E2DF /* Assets.xcassets */; };
		65404A201D926A1D0033E2DF /* LaunchScreen.storyboard in Resources */ = {isa = PBXBuildFile; fileRef = 65404A1E1D926A1D0033E2DF /* LaunchScreen.storyboard */; };
		65404A2B1D926A1D0033E2DF /* ReferencePointTests.m in Sources */ = {isa = PBXBuildFile; fileRef = 65404A2A1D926A1D0033E2DF /* ReferencePointTests.m */; };
		65404A361D926A1D0033E2DF /* ReferencePointUITests.m in Sources */ = {isa = PBXBuildFile; fileRef = 65404A351D926A1D0033E2DF /* ReferencePointUITests.m */; };
		65532AD01D9F16BB00CD6E94 /* UIView+CommonPlace.m in Sources */ = {isa = PBXBuildFile; fileRef = 65532ACF1D9F16BB00CD6E94 /* UIView+CommonPlace.m */; };
		656A749B1D989DB60045EA6C /* FirebaseDataPin.m in Sources */ = {isa = PBXBuildFile; fileRef = 656A749A1D989DB60045EA6C /* FirebaseDataPin.m */; };
		656A749E1D989FED0045EA6C /* FirebaseUserDataModelResponse.m in Sources */ = {isa = PBXBuildFile; fileRef = 656A749D1D989FED0045EA6C /* FirebaseUserDataModelResponse.m */; };
		656A74A11D98D5720045EA6C /* FirebasePublicDataModelResponse.m in Sources */ = {isa = PBXBuildFile; fileRef = 656A74A01D98D5720045EA6C /* FirebasePublicDataModelResponse.m */; };
		656A74A61D98DF800045EA6C /* FirebasePinDataTypes.m in Sources */ = {isa = PBXBuildFile; fileRef = 656A74A51D98DF800045EA6C /* FirebasePinDataTypes.m */; };
		656A74A91D98DFA30045EA6C /* FirebaseAppVersion.m in Sources */ = {isa = PBXBuildFile; fileRef = 656A74A81D98DFA30045EA6C /* FirebaseAppVersion.m */; };
		6573B06E1D9757A0007F065A /* GoogleService-Info.plist in Resources */ = {isa = PBXBuildFile; fileRef = 6573B06D1D9757A0007F065A /* GoogleService-Info.plist */; };
		65B357EE1D9621AF008FF530 /* MapViewController.m in Sources */ = {isa = PBXBuildFile; fileRef = 65B357ED1D9621AF008FF530 /* MapViewController.m */; };
		65B357F11D9621BB008FF530 /* SettingsViewController.m in Sources */ = {isa = PBXBuildFile; fileRef = 65B357F01D9621BB008FF530 /* SettingsViewController.m */; };
		65B357F31D96249F008FF530 /* MapKit.framework in Frameworks */ = {isa = PBXBuildFile; fileRef = 65B357F21D96249F008FF530 /* MapKit.framework */; };
		65B357F51D9629C0008FF530 /* CoreLocation.framework in Frameworks */ = {isa = PBXBuildFile; fileRef = 65B357F41D9629C0008FF530 /* CoreLocation.framework */; };
		6C52643673327F00D9ADB37A /* libPods-ReferencePoint.a in Frameworks */ = {isa = PBXBuildFile; fileRef = AD6A43DDF29F1A46724206FE /* libPods-ReferencePoint.a */; };
/* End PBXBuildFile section */

/* Begin PBXContainerItemProxy section */
		65404A271D926A1D0033E2DF /* PBXContainerItemProxy */ = {
			isa = PBXContainerItemProxy;
			containerPortal = 65404A051D926A1D0033E2DF /* Project object */;
			proxyType = 1;
			remoteGlobalIDString = 65404A0C1D926A1D0033E2DF;
			remoteInfo = ReferencePoint;
		};
		65404A321D926A1D0033E2DF /* PBXContainerItemProxy */ = {
			isa = PBXContainerItemProxy;
			containerPortal = 65404A051D926A1D0033E2DF /* Project object */;
			proxyType = 1;
			remoteGlobalIDString = 65404A0C1D926A1D0033E2DF;
			remoteInfo = ReferencePoint;
		};
/* End PBXContainerItemProxy section */

/* Begin PBXFileReference section */
		3D384F838B61CE2F50424791 /* Pods-ReferencePoint.debug.xcconfig */ = {isa = PBXFileReference; includeInIndex = 1; lastKnownFileType = text.xcconfig; name = "Pods-ReferencePoint.debug.xcconfig"; path = "Pods/Target Support Files/Pods-ReferencePoint/Pods-ReferencePoint.debug.xcconfig"; sourceTree = "<group>"; };
		65064AA91D976441000A3BC1 /* User.h */ = {isa = PBXFileReference; fileEncoding = 4; lastKnownFileType = sourcecode.c.h; path = User.h; sourceTree = "<group>"; };
		65064AAA1D976441000A3BC1 /* User.m */ = {isa = PBXFileReference; fileEncoding = 4; lastKnownFileType = sourcecode.c.objc; path = User.m; sourceTree = "<group>"; };
		65132F4E1D9CD0400051532A /* ReferenceAnnotationPointView.h */ = {isa = PBXFileReference; fileEncoding = 4; lastKnownFileType = sourcecode.c.h; path = ReferenceAnnotationPointView.h; sourceTree = "<group>"; };
		65132F4F1D9CD0400051532A /* ReferenceAnnotationPointView.m */ = {isa = PBXFileReference; fileEncoding = 4; lastKnownFileType = sourcecode.c.objc; path = ReferenceAnnotationPointView.m; sourceTree = "<group>"; };
		65132F511D9CDADF0051532A /* ReferencePointAnnotation.h */ = {isa = PBXFileReference; fileEncoding = 4; lastKnownFileType = sourcecode.c.h; path = ReferencePointAnnotation.h; sourceTree = "<group>"; };
		65132F521D9CDADF0051532A /* ReferencePointAnnotation.m */ = {isa = PBXFileReference; fileEncoding = 4; lastKnownFileType = sourcecode.c.objc; path = ReferencePointAnnotation.m; sourceTree = "<group>"; };
		65132F541D9CE25F0051532A /* CalloutDeleteButton.h */ = {isa = PBXFileReference; fileEncoding = 4; lastKnownFileType = sourcecode.c.h; path = CalloutDeleteButton.h; sourceTree = "<group>"; };
		65132F551D9CE25F0051532A /* CalloutDeleteButton.m */ = {isa = PBXFileReference; fileEncoding = 4; lastKnownFileType = sourcecode.c.objc; path = CalloutDeleteButton.m; sourceTree = "<group>"; };
		65404A0D1D926A1D0033E2DF /* ReferencePoint.app */ = {isa = PBXFileReference; explicitFileType = wrapper.application; includeInIndex = 0; path = ReferencePoint.app; sourceTree = BUILT_PRODUCTS_DIR; };
		65404A111D926A1D0033E2DF /* main.m */ = {isa = PBXFileReference; lastKnownFileType = sourcecode.c.objc; path = main.m; sourceTree = "<group>"; };
		65404A131D926A1D0033E2DF /* AppDelegate.h */ = {isa = PBXFileReference; lastKnownFileType = sourcecode.c.h; path = AppDelegate.h; sourceTree = "<group>"; };
		65404A141D926A1D0033E2DF /* AppDelegate.m */ = {isa = PBXFileReference; lastKnownFileType = sourcecode.c.objc; path = AppDelegate.m; sourceTree = "<group>"; };
		65404A161D926A1D0033E2DF /* LoginViewController.h */ = {isa = PBXFileReference; lastKnownFileType = sourcecode.c.h; path = LoginViewController.h; sourceTree = "<group>"; };
		65404A171D926A1D0033E2DF /* LoginViewController.m */ = {isa = PBXFileReference; lastKnownFileType = sourcecode.c.objc; path = LoginViewController.m; sourceTree = "<group>"; };
		65404A1A1D926A1D0033E2DF /* Base */ = {isa = PBXFileReference; lastKnownFileType = file.storyboard; name = Base; path = Base.lproj/Main.storyboard; sourceTree = "<group>"; };
		65404A1C1D926A1D0033E2DF /* Assets.xcassets */ = {isa = PBXFileReference; lastKnownFileType = folder.assetcatalog; path = Assets.xcassets; sourceTree = "<group>"; };
		65404A1F1D926A1D0033E2DF /* Base */ = {isa = PBXFileReference; lastKnownFileType = file.storyboard; name = Base; path = Base.lproj/LaunchScreen.storyboard; sourceTree = "<group>"; };
		65404A211D926A1D0033E2DF /* Info.plist */ = {isa = PBXFileReference; lastKnownFileType = text.plist.xml; path = Info.plist; sourceTree = "<group>"; };
		65404A261D926A1D0033E2DF /* ReferencePointTests.xctest */ = {isa = PBXFileReference; explicitFileType = wrapper.cfbundle; includeInIndex = 0; path = ReferencePointTests.xctest; sourceTree = BUILT_PRODUCTS_DIR; };
		65404A2A1D926A1D0033E2DF /* ReferencePointTests.m */ = {isa = PBXFileReference; lastKnownFileType = sourcecode.c.objc; path = ReferencePointTests.m; sourceTree = "<group>"; };
		65404A2C1D926A1D0033E2DF /* Info.plist */ = {isa = PBXFileReference; lastKnownFileType = text.plist.xml; path = Info.plist; sourceTree = "<group>"; };
		65404A311D926A1D0033E2DF /* ReferencePointUITests.xctest */ = {isa = PBXFileReference; explicitFileType = wrapper.cfbundle; includeInIndex = 0; path = ReferencePointUITests.xctest; sourceTree = BUILT_PRODUCTS_DIR; };
		65404A351D926A1D0033E2DF /* ReferencePointUITests.m */ = {isa = PBXFileReference; lastKnownFileType = sourcecode.c.objc; path = ReferencePointUITests.m; sourceTree = "<group>"; };
		65404A371D926A1D0033E2DF /* Info.plist */ = {isa = PBXFileReference; lastKnownFileType = text.plist.xml; path = Info.plist; sourceTree = "<group>"; };
		65532ACE1D9F16BB00CD6E94 /* UIView+CommonPlace.h */ = {isa = PBXFileReference; fileEncoding = 4; lastKnownFileType = sourcecode.c.h; path = "UIView+CommonPlace.h"; sourceTree = "<group>"; };
		65532ACF1D9F16BB00CD6E94 /* UIView+CommonPlace.m */ = {isa = PBXFileReference; fileEncoding = 4; lastKnownFileType = sourcecode.c.objc; path = "UIView+CommonPlace.m"; sourceTree = "<group>"; };
		656A74991D989DB60045EA6C /* FirebaseDataPin.h */ = {isa = PBXFileReference; fileEncoding = 4; lastKnownFileType = sourcecode.c.h; path = FirebaseDataPin.h; sourceTree = "<group>"; };
		656A749A1D989DB60045EA6C /* FirebaseDataPin.m */ = {isa = PBXFileReference; fileEncoding = 4; lastKnownFileType = sourcecode.c.objc; path = FirebaseDataPin.m; sourceTree = "<group>"; };
		656A749C1D989FED0045EA6C /* FirebaseUserDataModelResponse.h */ = {isa = PBXFileReference; fileEncoding = 4; lastKnownFileType = sourcecode.c.h; path = FirebaseUserDataModelResponse.h; sourceTree = "<group>"; };
		656A749D1D989FED0045EA6C /* FirebaseUserDataModelResponse.m */ = {isa = PBXFileReference; fileEncoding = 4; lastKnownFileType = sourcecode.c.objc; path = FirebaseUserDataModelResponse.m; sourceTree = "<group>"; };
		656A749F1D98D5720045EA6C /* FirebasePublicDataModelResponse.h */ = {isa = PBXFileReference; fileEncoding = 4; lastKnownFileType = sourcecode.c.h; path = FirebasePublicDataModelResponse.h; sourceTree = "<group>"; };
		656A74A01D98D5720045EA6C /* FirebasePublicDataModelResponse.m */ = {isa = PBXFileReference; fileEncoding = 4; lastKnownFileType = sourcecode.c.objc; path = FirebasePublicDataModelResponse.m; sourceTree = "<group>"; };
		656A74A41D98DF800045EA6C /* FirebasePinDataTypes.h */ = {isa = PBXFileReference; fileEncoding = 4; lastKnownFileType = sourcecode.c.h; path = FirebasePinDataTypes.h; sourceTree = "<group>"; };
		656A74A51D98DF800045EA6C /* FirebasePinDataTypes.m */ = {isa = PBXFileReference; fileEncoding = 4; lastKnownFileType = sourcecode.c.objc; path = FirebasePinDataTypes.m; sourceTree = "<group>"; };
		656A74A71D98DFA30045EA6C /* FirebaseAppVersion.h */ = {isa = PBXFileReference; fileEncoding = 4; lastKnownFileType = sourcecode.c.h; path = FirebaseAppVersion.h; sourceTree = "<group>"; };
		656A74A81D98DFA30045EA6C /* FirebaseAppVersion.m */ = {isa = PBXFileReference; fileEncoding = 4; lastKnownFileType = sourcecode.c.objc; path = FirebaseAppVersion.m; sourceTree = "<group>"; };
		6573B06D1D9757A0007F065A /* GoogleService-Info.plist */ = {isa = PBXFileReference; fileEncoding = 4; lastKnownFileType = text.plist.xml; path = "GoogleService-Info.plist"; sourceTree = "<group>"; };
		65B357EC1D9621AF008FF530 /* MapViewController.h */ = {isa = PBXFileReference; fileEncoding = 4; lastKnownFileType = sourcecode.c.h; path = MapViewController.h; sourceTree = "<group>"; };
		65B357ED1D9621AF008FF530 /* MapViewController.m */ = {isa = PBXFileReference; fileEncoding = 4; lastKnownFileType = sourcecode.c.objc; path = MapViewController.m; sourceTree = "<group>"; };
		65B357EF1D9621BB008FF530 /* SettingsViewController.h */ = {isa = PBXFileReference; fileEncoding = 4; lastKnownFileType = sourcecode.c.h; path = SettingsViewController.h; sourceTree = "<group>"; };
		65B357F01D9621BB008FF530 /* SettingsViewController.m */ = {isa = PBXFileReference; fileEncoding = 4; lastKnownFileType = sourcecode.c.objc; path = SettingsViewController.m; sourceTree = "<group>"; };
		65B357F21D96249F008FF530 /* MapKit.framework */ = {isa = PBXFileReference; lastKnownFileType = wrapper.framework; name = MapKit.framework; path = System/Library/Frameworks/MapKit.framework; sourceTree = SDKROOT; };
		65B357F41D9629C0008FF530 /* CoreLocation.framework */ = {isa = PBXFileReference; lastKnownFileType = wrapper.framework; name = CoreLocation.framework; path = System/Library/Frameworks/CoreLocation.framework; sourceTree = SDKROOT; };
		65C063841D9E4E54009BB955 /* CommonPlace.h */ = {isa = PBXFileReference; fileEncoding = 4; lastKnownFileType = sourcecode.c.h; name = CommonPlace.h; path = CommonPlace/CommonPlace.h; sourceTree = SOURCE_ROOT; };
		6DAE4BCCC58A03A04DC7AE76 /* Pods-ReferencePoint.release.xcconfig */ = {isa = PBXFileReference; includeInIndex = 1; lastKnownFileType = text.xcconfig; name = "Pods-ReferencePoint.release.xcconfig"; path = "Pods/Target Support Files/Pods-ReferencePoint/Pods-ReferencePoint.release.xcconfig"; sourceTree = "<group>"; };
		AD6A43DDF29F1A46724206FE /* libPods-ReferencePoint.a */ = {isa = PBXFileReference; explicitFileType = archive.ar; includeInIndex = 0; path = "libPods-ReferencePoint.a"; sourceTree = BUILT_PRODUCTS_DIR; };
/* End PBXFileReference section */

/* Begin PBXFrameworksBuildPhase section */
		65404A0A1D926A1D0033E2DF /* Frameworks */ = {
			isa = PBXFrameworksBuildPhase;
			buildActionMask = 2147483647;
			files = (
				65B357F51D9629C0008FF530 /* CoreLocation.framework in Frameworks */,
				65B357F31D96249F008FF530 /* MapKit.framework in Frameworks */,
				6C52643673327F00D9ADB37A /* libPods-ReferencePoint.a in Frameworks */,
			);
			runOnlyForDeploymentPostprocessing = 0;
		};
		65404A231D926A1D0033E2DF /* Frameworks */ = {
			isa = PBXFrameworksBuildPhase;
			buildActionMask = 2147483647;
			files = (
			);
			runOnlyForDeploymentPostprocessing = 0;
		};
		65404A2E1D926A1D0033E2DF /* Frameworks */ = {
			isa = PBXFrameworksBuildPhase;
			buildActionMask = 2147483647;
			files = (
			);
			runOnlyForDeploymentPostprocessing = 0;
		};
/* End PBXFrameworksBuildPhase section */

/* Begin PBXGroup section */
		22EC663F13BD3DD366FFFACA /* Pods */ = {
			isa = PBXGroup;
			children = (
				3D384F838B61CE2F50424791 /* Pods-ReferencePoint.debug.xcconfig */,
				6DAE4BCCC58A03A04DC7AE76 /* Pods-ReferencePoint.release.xcconfig */,
			);
			name = Pods;
			sourceTree = "<group>";
		};
		65064AA81D9763EC000A3BC1 /* Realm */ = {
			isa = PBXGroup;
			children = (
				65064AA91D976441000A3BC1 /* User.h */,
				65064AAA1D976441000A3BC1 /* User.m */,
			);
			name = Realm;
			sourceTree = "<group>";
		};
		65132F4D1D9CD0160051532A /* MKMapView */ = {
			isa = PBXGroup;
			children = (
				65132F4E1D9CD0400051532A /* ReferenceAnnotationPointView.h */,
				65132F4F1D9CD0400051532A /* ReferenceAnnotationPointView.m */,
				65132F511D9CDADF0051532A /* ReferencePointAnnotation.h */,
				65132F521D9CDADF0051532A /* ReferencePointAnnotation.m */,
				65132F541D9CE25F0051532A /* CalloutDeleteButton.h */,
				65132F551D9CE25F0051532A /* CalloutDeleteButton.m */,
			);
			name = MKMapView;
			sourceTree = "<group>";
		};
		65404A041D926A1D0033E2DF = {
			isa = PBXGroup;
			children = (
				65404A0F1D926A1D0033E2DF /* ReferencePoint */,
				65404A291D926A1D0033E2DF /* ReferencePointTests */,
				65404A341D926A1D0033E2DF /* ReferencePointUITests */,
				65404A0E1D926A1D0033E2DF /* Products */,
				22EC663F13BD3DD366FFFACA /* Pods */,
				DDDDC85C14BCA0FD82576843 /* Frameworks */,
			);
			sourceTree = "<group>";
		};
		65404A0E1D926A1D0033E2DF /* Products */ = {
			isa = PBXGroup;
			children = (
				65404A0D1D926A1D0033E2DF /* ReferencePoint.app */,
				65404A261D926A1D0033E2DF /* ReferencePointTests.xctest */,
				65404A311D926A1D0033E2DF /* ReferencePointUITests.xctest */,
			);
			name = Products;
			sourceTree = "<group>";
		};
		65404A0F1D926A1D0033E2DF /* ReferencePoint */ = {
			isa = PBXGroup;
			children = (
				65C063831D9E4E4B009BB955 /* CommonPlace */,
				65132F4D1D9CD0160051532A /* MKMapView */,
				656A74911D9896B70045EA6C /* Models */,
				65404A131D926A1D0033E2DF /* AppDelegate.h */,
				65404A141D926A1D0033E2DF /* AppDelegate.m */,
				65404A161D926A1D0033E2DF /* LoginViewController.h */,
				65404A171D926A1D0033E2DF /* LoginViewController.m */,
				65B357EC1D9621AF008FF530 /* MapViewController.h */,
				65B357ED1D9621AF008FF530 /* MapViewController.m */,
				65B357EF1D9621BB008FF530 /* SettingsViewController.h */,
				65B357F01D9621BB008FF530 /* SettingsViewController.m */,
				65404A191D926A1D0033E2DF /* Main.storyboard */,
				65404A1C1D926A1D0033E2DF /* Assets.xcassets */,
				65404A1E1D926A1D0033E2DF /* LaunchScreen.storyboard */,
				65404A211D926A1D0033E2DF /* Info.plist */,
				6573B06D1D9757A0007F065A /* GoogleService-Info.plist */,
				65404A101D926A1D0033E2DF /* Supporting Files */,
			);
			path = ReferencePoint;
			sourceTree = "<group>";
		};
		65404A101D926A1D0033E2DF /* Supporting Files */ = {
			isa = PBXGroup;
			children = (
				65404A111D926A1D0033E2DF /* main.m */,
			);
			name = "Supporting Files";
			sourceTree = "<group>";
		};
		65404A291D926A1D0033E2DF /* ReferencePointTests */ = {
			isa = PBXGroup;
			children = (
				65404A2A1D926A1D0033E2DF /* ReferencePointTests.m */,
				65404A2C1D926A1D0033E2DF /* Info.plist */,
			);
			path = ReferencePointTests;
			sourceTree = "<group>";
		};
		65404A341D926A1D0033E2DF /* ReferencePointUITests */ = {
			isa = PBXGroup;
			children = (
				65404A351D926A1D0033E2DF /* ReferencePointUITests.m */,
				65404A371D926A1D0033E2DF /* Info.plist */,
			);
			path = ReferencePointUITests;
			sourceTree = "<group>";
		};
		656A74911D9896B70045EA6C /* Models */ = {
			isa = PBXGroup;
			children = (
				656A74921D9896C30045EA6C /* JSON */,
				65064AA81D9763EC000A3BC1 /* Realm */,
			);
			name = Models;
			sourceTree = "<group>";
		};
		656A74921D9896C30045EA6C /* JSON */ = {
			isa = PBXGroup;
			children = (
				656A74A31D98D5950045EA6C /* Public */,
				656A74A21D98D58B0045EA6C /* Private */,
			);
			name = JSON;
			sourceTree = "<group>";
		};
		656A74A21D98D58B0045EA6C /* Private */ = {
			isa = PBXGroup;
			children = (
				656A74991D989DB60045EA6C /* FirebaseDataPin.h */,
				656A749A1D989DB60045EA6C /* FirebaseDataPin.m */,
				656A749C1D989FED0045EA6C /* FirebaseUserDataModelResponse.h */,
				656A749D1D989FED0045EA6C /* FirebaseUserDataModelResponse.m */,
			);
			name = Private;
			sourceTree = "<group>";
		};
		656A74A31D98D5950045EA6C /* Public */ = {
			isa = PBXGroup;
			children = (
				656A749F1D98D5720045EA6C /* FirebasePublicDataModelResponse.h */,
				656A74A01D98D5720045EA6C /* FirebasePublicDataModelResponse.m */,
				656A74A41D98DF800045EA6C /* FirebasePinDataTypes.h */,
				656A74A51D98DF800045EA6C /* FirebasePinDataTypes.m */,
				656A74A71D98DFA30045EA6C /* FirebaseAppVersion.h */,
				656A74A81D98DFA30045EA6C /* FirebaseAppVersion.m */,
			);
			name = Public;
			sourceTree = "<group>";
		};
		65C063831D9E4E4B009BB955 /* CommonPlace */ = {
			isa = PBXGroup;
			children = (
				65C063841D9E4E54009BB955 /* CommonPlace.h */,
				65532ACE1D9F16BB00CD6E94 /* UIView+CommonPlace.h */,
				65532ACF1D9F16BB00CD6E94 /* UIView+CommonPlace.m */,
			);
			name = CommonPlace;
			sourceTree = "<group>";
		};
		DDDDC85C14BCA0FD82576843 /* Frameworks */ = {
			isa = PBXGroup;
			children = (
				65B357F41D9629C0008FF530 /* CoreLocation.framework */,
				65B357F21D96249F008FF530 /* MapKit.framework */,
				AD6A43DDF29F1A46724206FE /* libPods-ReferencePoint.a */,
			);
			name = Frameworks;
			sourceTree = "<group>";
		};
/* End PBXGroup section */

/* Begin PBXNativeTarget section */
		65404A0C1D926A1D0033E2DF /* ReferencePoint */ = {
			isa = PBXNativeTarget;
			buildConfigurationList = 65404A3A1D926A1D0033E2DF /* Build configuration list for PBXNativeTarget "ReferencePoint" */;
			buildPhases = (
				44834DBD39EA495C16AEB645 /* [CP] Check Pods Manifest.lock */,
				65404A091D926A1D0033E2DF /* Sources */,
				65404A0A1D926A1D0033E2DF /* Frameworks */,
				65404A0B1D926A1D0033E2DF /* Resources */,
				CFDD44B17D08031DA23FD3A1 /* [CP] Embed Pods Frameworks */,
				F937839444A63C7C82136973 /* [CP] Copy Pods Resources */,
			);
			buildRules = (
			);
			dependencies = (
			);
			name = ReferencePoint;
			productName = ReferencePoint;
			productReference = 65404A0D1D926A1D0033E2DF /* ReferencePoint.app */;
			productType = "com.apple.product-type.application";
		};
		65404A251D926A1D0033E2DF /* ReferencePointTests */ = {
			isa = PBXNativeTarget;
			buildConfigurationList = 65404A3D1D926A1D0033E2DF /* Build configuration list for PBXNativeTarget "ReferencePointTests" */;
			buildPhases = (
				65404A221D926A1D0033E2DF /* Sources */,
				65404A231D926A1D0033E2DF /* Frameworks */,
				65404A241D926A1D0033E2DF /* Resources */,
			);
			buildRules = (
			);
			dependencies = (
				65404A281D926A1D0033E2DF /* PBXTargetDependency */,
			);
			name = ReferencePointTests;
			productName = ReferencePointTests;
			productReference = 65404A261D926A1D0033E2DF /* ReferencePointTests.xctest */;
			productType = "com.apple.product-type.bundle.unit-test";
		};
		65404A301D926A1D0033E2DF /* ReferencePointUITests */ = {
			isa = PBXNativeTarget;
			buildConfigurationList = 65404A401D926A1D0033E2DF /* Build configuration list for PBXNativeTarget "ReferencePointUITests" */;
			buildPhases = (
				65404A2D1D926A1D0033E2DF /* Sources */,
				65404A2E1D926A1D0033E2DF /* Frameworks */,
				65404A2F1D926A1D0033E2DF /* Resources */,
			);
			buildRules = (
			);
			dependencies = (
				65404A331D926A1D0033E2DF /* PBXTargetDependency */,
			);
			name = ReferencePointUITests;
			productName = ReferencePointUITests;
			productReference = 65404A311D926A1D0033E2DF /* ReferencePointUITests.xctest */;
			productType = "com.apple.product-type.bundle.ui-testing";
		};
/* End PBXNativeTarget section */

/* Begin PBXProject section */
		65404A051D926A1D0033E2DF /* Project object */ = {
			isa = PBXProject;
			attributes = {
				LastUpgradeCheck = 0730;
				ORGANIZATIONNAME = binaryswitch;
				TargetAttributes = {
					65404A0C1D926A1D0033E2DF = {
						CreatedOnToolsVersion = 7.3.1;
					};
					65404A251D926A1D0033E2DF = {
						CreatedOnToolsVersion = 7.3.1;
						TestTargetID = 65404A0C1D926A1D0033E2DF;
					};
					65404A301D926A1D0033E2DF = {
						CreatedOnToolsVersion = 7.3.1;
						TestTargetID = 65404A0C1D926A1D0033E2DF;
					};
				};
			};
			buildConfigurationList = 65404A081D926A1D0033E2DF /* Build configuration list for PBXProject "ReferencePoint" */;
			compatibilityVersion = "Xcode 3.2";
			developmentRegion = English;
			hasScannedForEncodings = 0;
			knownRegions = (
				en,
				Base,
			);
			mainGroup = 65404A041D926A1D0033E2DF;
			productRefGroup = 65404A0E1D926A1D0033E2DF /* Products */;
			projectDirPath = "";
			projectRoot = "";
			targets = (
				65404A0C1D926A1D0033E2DF /* ReferencePoint */,
				65404A251D926A1D0033E2DF /* ReferencePointTests */,
				65404A301D926A1D0033E2DF /* ReferencePointUITests */,
			);
		};
/* End PBXProject section */

/* Begin PBXResourcesBuildPhase section */
		65404A0B1D926A1D0033E2DF /* Resources */ = {
			isa = PBXResourcesBuildPhase;
			buildActionMask = 2147483647;
			files = (
				65404A201D926A1D0033E2DF /* LaunchScreen.storyboard in Resources */,
				6573B06E1D9757A0007F065A /* GoogleService-Info.plist in Resources */,
				65404A1D1D926A1D0033E2DF /* Assets.xcassets in Resources */,
				65404A1B1D926A1D0033E2DF /* Main.storyboard in Resources */,
			);
			runOnlyForDeploymentPostprocessing = 0;
		};
		65404A241D926A1D0033E2DF /* Resources */ = {
			isa = PBXResourcesBuildPhase;
			buildActionMask = 2147483647;
			files = (
			);
			runOnlyForDeploymentPostprocessing = 0;
		};
		65404A2F1D926A1D0033E2DF /* Resources */ = {
			isa = PBXResourcesBuildPhase;
			buildActionMask = 2147483647;
			files = (
			);
			runOnlyForDeploymentPostprocessing = 0;
		};
/* End PBXResourcesBuildPhase section */

/* Begin PBXShellScriptBuildPhase section */
		44834DBD39EA495C16AEB645 /* [CP] Check Pods Manifest.lock */ = {
			isa = PBXShellScriptBuildPhase;
			buildActionMask = 2147483647;
			files = (
			);
			inputPaths = (
			);
			name = "[CP] Check Pods Manifest.lock";
			outputPaths = (
			);
			runOnlyForDeploymentPostprocessing = 0;
			shellPath = /bin/sh;
			shellScript = "diff \"${PODS_ROOT}/../Podfile.lock\" \"${PODS_ROOT}/Manifest.lock\" > /dev/null\nif [[ $? != 0 ]] ; then\n    cat << EOM\nerror: The sandbox is not in sync with the Podfile.lock. Run 'pod install' or update your CocoaPods installation.\nEOM\n    exit 1\nfi\n";
			showEnvVarsInLog = 0;
		};
		CFDD44B17D08031DA23FD3A1 /* [CP] Embed Pods Frameworks */ = {
			isa = PBXShellScriptBuildPhase;
			buildActionMask = 2147483647;
			files = (
			);
			inputPaths = (
			);
			name = "[CP] Embed Pods Frameworks";
			outputPaths = (
			);
			runOnlyForDeploymentPostprocessing = 0;
			shellPath = /bin/sh;
			shellScript = "\"${SRCROOT}/Pods/Target Support Files/Pods-ReferencePoint/Pods-ReferencePoint-frameworks.sh\"\n";
			showEnvVarsInLog = 0;
		};
		F937839444A63C7C82136973 /* [CP] Copy Pods Resources */ = {
			isa = PBXShellScriptBuildPhase;
			buildActionMask = 2147483647;
			files = (
			);
			inputPaths = (
			);
			name = "[CP] Copy Pods Resources";
			outputPaths = (
			);
			runOnlyForDeploymentPostprocessing = 0;
			shellPath = /bin/sh;
			shellScript = "\"${SRCROOT}/Pods/Target Support Files/Pods-ReferencePoint/Pods-ReferencePoint-resources.sh\"\n";
			showEnvVarsInLog = 0;
		};
/* End PBXShellScriptBuildPhase section */

/* Begin PBXSourcesBuildPhase section */
		65404A091D926A1D0033E2DF /* Sources */ = {
			isa = PBXSourcesBuildPhase;
			buildActionMask = 2147483647;
			files = (
				65132F531D9CDADF0051532A /* ReferencePointAnnotation.m in Sources */,
				65532AD01D9F16BB00CD6E94 /* UIView+CommonPlace.m in Sources */,
				65404A181D926A1D0033E2DF /* LoginViewController.m in Sources */,
				65404A151D926A1D0033E2DF /* AppDelegate.m in Sources */,
				656A74A11D98D5720045EA6C /* FirebasePublicDataModelResponse.m in Sources */,
				65064AAB1D976441000A3BC1 /* User.m in Sources */,
				656A749B1D989DB60045EA6C /* FirebaseDataPin.m in Sources */,
				65B357F11D9621BB008FF530 /* SettingsViewController.m in Sources */,
				656A74A61D98DF800045EA6C /* FirebasePinDataTypes.m in Sources */,
				656A749E1D989FED0045EA6C /* FirebaseUserDataModelResponse.m in Sources */,
				65132F561D9CE25F0051532A /* CalloutDeleteButton.m in Sources */,
				65404A121D926A1D0033E2DF /* main.m in Sources */,
				65132F501D9CD0400051532A /* ReferenceAnnotationPointView.m in Sources */,
				65B357EE1D9621AF008FF530 /* MapViewController.m in Sources */,
				656A74A91D98DFA30045EA6C /* FirebaseAppVersion.m in Sources */,
			);
			runOnlyForDeploymentPostprocessing = 0;
		};
		65404A221D926A1D0033E2DF /* Sources */ = {
			isa = PBXSourcesBuildPhase;
			buildActionMask = 2147483647;
			files = (
				65404A2B1D926A1D0033E2DF /* ReferencePointTests.m in Sources */,
			);
			runOnlyForDeploymentPostprocessing = 0;
		};
		65404A2D1D926A1D0033E2DF /* Sources */ = {
			isa = PBXSourcesBuildPhase;
			buildActionMask = 2147483647;
			files = (
				65404A361D926A1D0033E2DF /* ReferencePointUITests.m in Sources */,
			);
			runOnlyForDeploymentPostprocessing = 0;
		};
/* End PBXSourcesBuildPhase section */

/* Begin PBXTargetDependency section */
		65404A281D926A1D0033E2DF /* PBXTargetDependency */ = {
			isa = PBXTargetDependency;
			target = 65404A0C1D926A1D0033E2DF /* ReferencePoint */;
			targetProxy = 65404A271D926A1D0033E2DF /* PBXContainerItemProxy */;
		};
		65404A331D926A1D0033E2DF /* PBXTargetDependency */ = {
			isa = PBXTargetDependency;
			target = 65404A0C1D926A1D0033E2DF /* ReferencePoint */;
			targetProxy = 65404A321D926A1D0033E2DF /* PBXContainerItemProxy */;
		};
/* End PBXTargetDependency section */

/* Begin PBXVariantGroup section */
		65404A191D926A1D0033E2DF /* Main.storyboard */ = {
			isa = PBXVariantGroup;
			children = (
				65404A1A1D926A1D0033E2DF /* Base */,
			);
			name = Main.storyboard;
			sourceTree = "<group>";
		};
		65404A1E1D926A1D0033E2DF /* LaunchScreen.storyboard */ = {
			isa = PBXVariantGroup;
			children = (
				65404A1F1D926A1D0033E2DF /* Base */,
			);
			name = LaunchScreen.storyboard;
			sourceTree = "<group>";
		};
/* End PBXVariantGroup section */

/* Begin XCBuildConfiguration section */
		65404A381D926A1D0033E2DF /* Debug */ = {
			isa = XCBuildConfiguration;
			buildSettings = {
				ALWAYS_SEARCH_USER_PATHS = NO;
				CLANG_ANALYZER_NONNULL = YES;
				CLANG_CXX_LANGUAGE_STANDARD = "gnu++0x";
				CLANG_CXX_LIBRARY = "libc++";
				CLANG_ENABLE_MODULES = YES;
				CLANG_ENABLE_OBJC_ARC = YES;
				CLANG_WARN_BOOL_CONVERSION = YES;
				CLANG_WARN_CONSTANT_CONVERSION = YES;
				CLANG_WARN_DIRECT_OBJC_ISA_USAGE = YES_ERROR;
				CLANG_WARN_EMPTY_BODY = YES;
				CLANG_WARN_ENUM_CONVERSION = YES;
				CLANG_WARN_INT_CONVERSION = YES;
				CLANG_WARN_OBJC_ROOT_CLASS = YES_ERROR;
				CLANG_WARN_UNREACHABLE_CODE = YES;
				CLANG_WARN__DUPLICATE_METHOD_MATCH = YES;
				"CODE_SIGN_IDENTITY[sdk=iphoneos*]" = "iPhone Developer";
				COPY_PHASE_STRIP = NO;
				DEBUG_INFORMATION_FORMAT = dwarf;
				ENABLE_STRICT_OBJC_MSGSEND = YES;
				ENABLE_TESTABILITY = YES;
				GCC_C_LANGUAGE_STANDARD = gnu99;
				GCC_DYNAMIC_NO_PIC = NO;
				GCC_NO_COMMON_BLOCKS = YES;
				GCC_OPTIMIZATION_LEVEL = 0;
				GCC_PREPROCESSOR_DEFINITIONS = (
					"DEBUG=1",
					"$(inherited)",
				);
				GCC_WARN_64_TO_32_BIT_CONVERSION = YES;
				GCC_WARN_ABOUT_RETURN_TYPE = YES_ERROR;
				GCC_WARN_UNDECLARED_SELECTOR = YES;
				GCC_WARN_UNINITIALIZED_AUTOS = YES_AGGRESSIVE;
				GCC_WARN_UNUSED_FUNCTION = YES;
				GCC_WARN_UNUSED_VARIABLE = YES;
				IPHONEOS_DEPLOYMENT_TARGET = 9.3;
				MTL_ENABLE_DEBUG_INFO = YES;
				ONLY_ACTIVE_ARCH = YES;
				SDKROOT = iphoneos;
			};
			name = Debug;
		};
		65404A391D926A1D0033E2DF /* Release */ = {
			isa = XCBuildConfiguration;
			buildSettings = {
				ALWAYS_SEARCH_USER_PATHS = NO;
				CLANG_ANALYZER_NONNULL = YES;
				CLANG_CXX_LANGUAGE_STANDARD = "gnu++0x";
				CLANG_CXX_LIBRARY = "libc++";
				CLANG_ENABLE_MODULES = YES;
				CLANG_ENABLE_OBJC_ARC = YES;
				CLANG_WARN_BOOL_CONVERSION = YES;
				CLANG_WARN_CONSTANT_CONVERSION = YES;
				CLANG_WARN_DIRECT_OBJC_ISA_USAGE = YES_ERROR;
				CLANG_WARN_EMPTY_BODY = YES;
				CLANG_WARN_ENUM_CONVERSION = YES;
				CLANG_WARN_INT_CONVERSION = YES;
				CLANG_WARN_OBJC_ROOT_CLASS = YES_ERROR;
				CLANG_WARN_UNREACHABLE_CODE = YES;
				CLANG_WARN__DUPLICATE_METHOD_MATCH = YES;
				"CODE_SIGN_IDENTITY[sdk=iphoneos*]" = "iPhone Developer";
				COPY_PHASE_STRIP = NO;
				DEBUG_INFORMATION_FORMAT = "dwarf-with-dsym";
				ENABLE_NS_ASSERTIONS = NO;
				ENABLE_STRICT_OBJC_MSGSEND = YES;
				GCC_C_LANGUAGE_STANDARD = gnu99;
				GCC_NO_COMMON_BLOCKS = YES;
				GCC_WARN_64_TO_32_BIT_CONVERSION = YES;
				GCC_WARN_ABOUT_RETURN_TYPE = YES_ERROR;
				GCC_WARN_UNDECLARED_SELECTOR = YES;
				GCC_WARN_UNINITIALIZED_AUTOS = YES_AGGRESSIVE;
				GCC_WARN_UNUSED_FUNCTION = YES;
				GCC_WARN_UNUSED_VARIABLE = YES;
				IPHONEOS_DEPLOYMENT_TARGET = 9.3;
				MTL_ENABLE_DEBUG_INFO = NO;
				SDKROOT = iphoneos;
				VALIDATE_PRODUCT = YES;
			};
			name = Release;
		};
		65404A3B1D926A1D0033E2DF /* Debug */ = {
			isa = XCBuildConfiguration;
			baseConfigurationReference = 3D384F838B61CE2F50424791 /* Pods-ReferencePoint.debug.xcconfig */;
			buildSettings = {
				ASSETCATALOG_COMPILER_APPICON_NAME = "AppIcon-1";
				INFOPLIST_FILE = ReferencePoint/Info.plist;
				IPHONEOS_DEPLOYMENT_TARGET = 8.0;
				LD_RUNPATH_SEARCH_PATHS = "$(inherited) @executable_path/Frameworks";
				PRODUCT_BUNDLE_IDENTIFIER = com.binaryswitch.ReferencePoint;
				PRODUCT_NAME = "$(TARGET_NAME)";
			};
			name = Debug;
		};
		65404A3C1D926A1D0033E2DF /* Release */ = {
			isa = XCBuildConfiguration;
			baseConfigurationReference = 6DAE4BCCC58A03A04DC7AE76 /* Pods-ReferencePoint.release.xcconfig */;
			buildSettings = {
				ASSETCATALOG_COMPILER_APPICON_NAME = "AppIcon-1";
				INFOPLIST_FILE = ReferencePoint/Info.plist;
				IPHONEOS_DEPLOYMENT_TARGET = 8.0;
				LD_RUNPATH_SEARCH_PATHS = "$(inherited) @executable_path/Frameworks";
				PRODUCT_BUNDLE_IDENTIFIER = com.binaryswitch.ReferencePoint;
				PRODUCT_NAME = "$(TARGET_NAME)";
			};
			name = Release;
		};
		65404A3E1D926A1D0033E2DF /* Debug */ = {
			isa = XCBuildConfiguration;
			buildSettings = {
				BUNDLE_LOADER = "$(TEST_HOST)";
				INFOPLIST_FILE = ReferencePointTests/Info.plist;
				LD_RUNPATH_SEARCH_PATHS = "$(inherited) @executable_path/Frameworks @loader_path/Frameworks";
				PRODUCT_BUNDLE_IDENTIFIER = com.binaryswitch.ReferencePointTests;
				PRODUCT_NAME = "$(TARGET_NAME)";
				TEST_HOST = "$(BUILT_PRODUCTS_DIR)/ReferencePoint.app/ReferencePoint";
			};
			name = Debug;
		};
		65404A3F1D926A1D0033E2DF /* Release */ = {
			isa = XCBuildConfiguration;
			buildSettings = {
				BUNDLE_LOADER = "$(TEST_HOST)";
				INFOPLIST_FILE = ReferencePointTests/Info.plist;
				LD_RUNPATH_SEARCH_PATHS = "$(inherited) @executable_path/Frameworks @loader_path/Frameworks";
				PRODUCT_BUNDLE_IDENTIFIER = com.binaryswitch.ReferencePointTests;
				PRODUCT_NAME = "$(TARGET_NAME)";
				TEST_HOST = "$(BUILT_PRODUCTS_DIR)/ReferencePoint.app/ReferencePoint";
			};
			name = Release;
		};
		65404A411D926A1D0033E2DF /* Debug */ = {
			isa = XCBuildConfiguration;
			buildSettings = {
				INFOPLIST_FILE = ReferencePointUITests/Info.plist;
				LD_RUNPATH_SEARCH_PATHS = "$(inherited) @executable_path/Frameworks @loader_path/Frameworks";
				PRODUCT_BUNDLE_IDENTIFIER = com.binaryswitch.ReferencePointUITests;
				PRODUCT_NAME = "$(TARGET_NAME)";
				TEST_TARGET_NAME = ReferencePoint;
			};
			name = Debug;
		};
		65404A421D926A1D0033E2DF /* Release */ = {
			isa = XCBuildConfiguration;
			buildSettings = {
				INFOPLIST_FILE = ReferencePointUITests/Info.plist;
				LD_RUNPATH_SEARCH_PATHS = "$(inherited) @executable_path/Frameworks @loader_path/Frameworks";
				PRODUCT_BUNDLE_IDENTIFIER = com.binaryswitch.ReferencePointUITests;
				PRODUCT_NAME = "$(TARGET_NAME)";
				TEST_TARGET_NAME = ReferencePoint;
			};
			name = Release;
		};
/* End XCBuildConfiguration section */

/* Begin XCConfigurationList section */
		65404A081D926A1D0033E2DF /* Build configuration list for PBXProject "ReferencePoint" */ = {
			isa = XCConfigurationList;
			buildConfigurations = (
				65404A381D926A1D0033E2DF /* Debug */,
				65404A391D926A1D0033E2DF /* Release */,
			);
			defaultConfigurationIsVisible = 0;
			defaultConfigurationName = Release;
		};
		65404A3A1D926A1D0033E2DF /* Build configuration list for PBXNativeTarget "ReferencePoint" */ = {
			isa = XCConfigurationList;
			buildConfigurations = (
				65404A3B1D926A1D0033E2DF /* Debug */,
				65404A3C1D926A1D0033E2DF /* Release */,
			);
			defaultConfigurationIsVisible = 0;
			defaultConfigurationName = Release;
		};
		65404A3D1D926A1D0033E2DF /* Build configuration list for PBXNativeTarget "ReferencePointTests" */ = {
			isa = XCConfigurationList;
			buildConfigurations = (
				65404A3E1D926A1D0033E2DF /* Debug */,
				65404A3F1D926A1D0033E2DF /* Release */,
			);
			defaultConfigurationIsVisible = 0;
			defaultConfigurationName = Release;
		};
		65404A401D926A1D0033E2DF /* Build configuration list for PBXNativeTarget "ReferencePointUITests" */ = {
			isa = XCConfigurationList;
			buildConfigurations = (
				65404A411D926A1D0033E2DF /* Debug */,
				65404A421D926A1D0033E2DF /* Release */,
			);
			defaultConfigurationIsVisible = 0;
			defaultConfigurationName = Release;
		};
/* End XCConfigurationList section */
	};
	rootObject = 65404A051D926A1D0033E2DF /* Project object */;
}
